
Microsoft Visual Studio Solution File, Format Version 12.00
# Visual Studio 15
Project("{FAE04EC0-301F-11D3-BF4B-00C04F79EFBC}") = "Mirror", "Mirror.csproj", "{08F1EFCA-D7B0-FE6F-9F32-7192136D65F3}"
EndProject
Project("{FAE04EC0-301F-11D3-BF4B-00C04F79EFBC}") = "Edgegap", "Edgegap.csproj", "{F90EDAA6-AE4E-6F52-4CE8-57532082BCE0}"
EndProject
Project("{FAE04EC0-301F-11D3-BF4B-00C04F79EFBC}") = "Unity.Mirror.CodeGen", "Unity.Mirror.CodeGen.csproj", "{39F794E7-7115-E21C-16B6-D0AB6A08D894}"
EndProject
Project("{FAE04EC0-301F-11D3-BF4B-00C04F79EFBC}") = "Mirror.Components", "Mirror.Components.csproj", "{A8EEACB9-34BD-6719-5D85-B12E40FD9555}"
EndProject
Project("{FAE04EC0-301F-11D3-BF4B-00C04F79EFBC}") = "Assembly-CSharp", "Assembly-CSharp.csproj", "{2CFFDFAB-E66B-6DC8-F07F-E832B4E05854}"
EndProject
Project("{FAE04EC0-301F-11D3-BF4B-00C04F79EFBC}") = "Mirror.Examples", "Mirror.Examples.csproj", "{72B16087-2660-FB63-F55E-99326321B629}"
EndProject
Project("{FAE04EC0-301F-11D3-BF4B-00C04F79EFBC}") = "Mirror.Editor", "Mirror.Editor.csproj", "{8D65BC35-93C9-3101-8DD5-68055EA1F88F}"
EndProject
Project("{FAE04EC0-301F-11D3-BF4B-00C04F79EFBC}") = "Mirror.Transports", "Mirror.Transports.csproj", "{D321891E-5575-854D-BE07-CE514352502B}"
EndProject
Project("{FAE04EC0-301F-11D3-BF4B-00C04F79EFBC}") = "kcp2k", "kcp2k.csproj", "{8534E2C4-B3FB-7781-C330-C4D4C4778355}"
EndProject
Project("{FAE04EC0-301F-11D3-BF4B-00C04F79EFBC}") = "SimpleWebTransport", "SimpleWebTransport.csproj", "{9E6523D4-3B2A-ABE8-B79A-A14EDA54D9DC}"
EndProject
Project("{FAE04EC0-301F-11D3-BF4B-00C04F79EFBC}") = "Mirror.Authenticators", "Mirror.Authenticators.csproj", "{B1F0361B-93E5-6844-EBD1-69543E659E23}"
EndProject
Project("{FAE04EC0-301F-11D3-BF4B-00C04F79EFBC}") = "Assembly-CSharp-firstpass", "Assembly-CSharp-firstpass.csproj", "{68F2DA81-58EE-E1B3-BEF9-F90A4E2D261E}"
EndProject
Project("{FAE04EC0-301F-11D3-BF4B-00C04F79EFBC}") = "EncryptionTransportEditor", "EncryptionTransportEditor.csproj", "{6C65320B-083C-3545-9248-433D3B1A53EE}"
EndProject
Project("{FAE04EC0-301F-11D3-BF4B-00C04F79EFBC}") = "Telepathy", "Telepathy.csproj", "{6E6EB4CB-FA5A-61D2-EBC6-77D74DF461B0}"
EndProject
Project("{FAE04EC0-301F-11D3-BF4B-00C04F79EFBC}") = "Mirror.CompilerSymbols", "Mirror.CompilerSymbols.csproj", "{E324E260-1B9A-5986-1878-0F7A450101B7}"
EndProject
Global
	GlobalSection(SolutionConfigurationPlatforms) = preSolution
		Debug|Any CPU = Debug|Any CPU
		Release|Any CPU = Release|Any CPU
	EndGlobalSection
	GlobalSection(ProjectConfigurationPlatforms) = postSolution
		{08F1EFCA-D7B0-FE6F-9F32-7192136D65F3}.Debug|Any CPU.ActiveCfg = Debug|Any CPU
		{08F1EFCA-D7B0-FE6F-9F32-7192136D65F3}.Debug|Any CPU.Build.0 = Debug|Any CPU
		{08F1EFCA-D7B0-FE6F-9F32-7192136D65F3}.Release|Any CPU.ActiveCfg = Release|Any CPU
		{08F1EFCA-D7B0-FE6F-9F32-7192136D65F3}.Release|Any CPU.Build.0 = Release|Any CPU
		{F90EDAA6-AE4E-6F52-4CE8-57532082BCE0}.Debug|Any CPU.ActiveCfg = Debug|Any CPU
		{F90EDAA6-AE4E-6F52-4CE8-57532082BCE0}.Debug|Any CPU.Build.0 = Debug|Any CPU
		{F90EDAA6-AE4E-6F52-4CE8-57532082BCE0}.Release|Any CPU.ActiveCfg = Release|Any CPU
		{F90EDAA6-AE4E-6F52-4CE8-57532082BCE0}.Release|Any CPU.Build.0 = Release|Any CPU
		{39F794E7-7115-E21C-16B6-D0AB6A08D894}.Debug|Any CPU.ActiveCfg = Debug|Any CPU
		{39F794E7-7115-E21C-16B6-D0AB6A08D894}.Debug|Any CPU.Build.0 = Debug|Any CPU
		{39F794E7-7115-E21C-16B6-D0AB6A08D894}.Release|Any CPU.ActiveCfg = Release|Any CPU
		{39F794E7-7115-E21C-16B6-D0AB6A08D894}.Release|Any CPU.Build.0 = Release|Any CPU
		{A8EEACB9-34BD-6719-5D85-B12E40FD9555}.Debug|Any CPU.ActiveCfg = Debug|Any CPU
		{A8EEACB9-34BD-6719-5D85-B12E40FD9555}.Debug|Any CPU.Build.0 = Debug|Any CPU
		{A8EEACB9-34BD-6719-5D85-B12E40FD9555}.Release|Any CPU.ActiveCfg = Release|Any CPU
		{A8EEACB9-34BD-6719-5D85-B12E40FD9555}.Release|Any CPU.Build.0 = Release|Any CPU
		{2CFFDFAB-E66B-6DC8-F07F-E832B4E05854}.Debug|Any CPU.ActiveCfg = Debug|Any CPU
		{2CFFDFAB-E66B-6DC8-F07F-E832B4E05854}.Debug|Any CPU.Build.0 = Debug|Any CPU
		{2CFFDFAB-E66B-6DC8-F07F-E832B4E05854}.Release|Any CPU.ActiveCfg = Release|Any CPU
		{2CFFDFAB-E66B-6DC8-F07F-E832B4E05854}.Release|Any CPU.Build.0 = Release|Any CPU
		{72B16087-2660-FB63-F55E-99326321B629}.Debug|Any CPU.ActiveCfg = Debug|Any CPU
		{72B16087-2660-FB63-F55E-99326321B629}.Debug|Any CPU.Build.0 = Debug|Any CPU
		{72B16087-2660-FB63-F55E-99326321B629}.Release|Any CPU.ActiveCfg = Release|Any CPU
		{72B16087-2660-FB63-F55E-99326321B629}.Release|Any CPU.Build.0 = Release|Any CPU
		{8D65BC35-93C9-3101-8DD5-68055EA1F88F}.Debug|Any CPU.ActiveCfg = Debug|Any CPU
		{8D65BC35-93C9-3101-8DD5-68055EA1F88F}.Debug|Any CPU.Build.0 = Debug|Any CPU
		{8D65BC35-93C9-3101-8DD5-68055EA1F88F}.Release|Any CPU.ActiveCfg = Release|Any CPU
		{8D65BC35-93C9-3101-8DD5-68055EA1F88F}.Release|Any CPU.Build.0 = Release|Any CPU
		{D321891E-5575-854D-BE07-CE514352502B}.Debug|Any CPU.ActiveCfg = Debug|Any CPU
		{D321891E-5575-854D-BE07-CE514352502B}.Debug|Any CPU.Build.0 = Debug|Any CPU
		{D321891E-5575-854D-BE07-CE514352502B}.Release|Any CPU.ActiveCfg = Release|Any CPU
		{D321891E-5575-854D-BE07-CE514352502B}.Release|Any CPU.Build.0 = Release|Any CPU
		{8534E2C4-B3FB-7781-C330-C4D4C4778355}.Debug|Any CPU.ActiveCfg = Debug|Any CPU
		{8534E2C4-B3FB-7781-C330-C4D4C4778355}.Debug|Any CPU.Build.0 = Debug|Any CPU
		{8534E2C4-B3FB-7781-C330-C4D4C4778355}.Release|Any CPU.ActiveCfg = Release|Any CPU
		{8534E2C4-B3FB-7781-C330-C4D4C4778355}.Release|Any CPU.Build.0 = Release|Any CPU
		{9E6523D4-3B2A-ABE8-B79A-A14EDA54D9DC}.Debug|Any CPU.ActiveCfg = Debug|Any CPU
		{9E6523D4-3B2A-ABE8-B79A-A14EDA54D9DC}.Debug|Any CPU.Build.0 = Debug|Any CPU
		{9E6523D4-3B2A-ABE8-B79A-A14EDA54D9DC}.Release|Any CPU.ActiveCfg = Release|Any CPU
		{9E6523D4-3B2A-ABE8-B79A-A14EDA54D9DC}.Release|Any CPU.Build.0 = Release|Any CPU
		{B1F0361B-93E5-6844-EBD1-69543E659E23}.Debug|Any CPU.ActiveCfg = Debug|Any CPU
		{B1F0361B-93E5-6844-EBD1-69543E659E23}.Debug|Any CPU.Build.0 = Debug|Any CPU
		{B1F0361B-93E5-6844-EBD1-69543E659E23}.Release|Any CPU.ActiveCfg = Release|Any CPU
		{B1F0361B-93E5-6844-EBD1-69543E659E23}.Release|Any CPU.Build.0 = Release|Any CPU
		{68F2DA81-58EE-E1B3-BEF9-F90A4E2D261E}.Debug|Any CPU.ActiveCfg = Debug|Any CPU
		{68F2DA81-58EE-E1B3-BEF9-F90A4E2D261E}.Debug|Any CPU.Build.0 = Debug|Any CPU
		{68F2DA81-58EE-E1B3-BEF9-F90A4E2D261E}.Release|Any CPU.ActiveCfg = Release|Any CPU
		{68F2DA81-58EE-E1B3-BEF9-F90A4E2D261E}.Release|Any CPU.Build.0 = Release|Any CPU
		{6C65320B-083C-3545-9248-433D3B1A53EE}.Debug|Any CPU.ActiveCfg = Debug|Any CPU
		{6C65320B-083C-3545-9248-433D3B1A53EE}.Debug|Any CPU.Build.0 = Debug|Any CPU
		{6C65320B-083C-3545-9248-433D3B1A53EE}.Release|Any CPU.ActiveCfg = Release|Any CPU
		{6C65320B-083C-3545-9248-433D3B1A53EE}.Release|Any CPU.Build.0 = Release|Any CPU
		{6E6EB4CB-FA5A-61D2-EBC6-77D74DF461B0}.Debug|Any CPU.ActiveCfg = Debug|Any CPU
		{6E6EB4CB-FA5A-61D2-EBC6-77D74DF461B0}.Debug|Any CPU.Build.0 = Debug|Any CPU
		{6E6EB4CB-FA5A-61D2-EBC6-77D74DF461B0}.Release|Any CPU.ActiveCfg = Release|Any CPU
		{6E6EB4CB-FA5A-61D2-EBC6-77D74DF461B0}.Release|Any CPU.Build.0 = Release|Any CPU
		{E324E260-1B9A-5986-1878-0F7A450101B7}.Debug|Any CPU.ActiveCfg = Debug|Any CPU
		{E324E260-1B9A-5986-1878-0F7A450101B7}.Debug|Any CPU.Build.0 = Debug|Any CPU
		{E324E260-1B9A-5986-1878-0F7A450101B7}.Release|Any CPU.ActiveCfg = Release|Any CPU
		{E324E260-1B9A-5986-1878-0F7A450101B7}.Release|Any CPU.Build.0 = Release|Any CPU
	EndGlobalSection
	GlobalSection(SolutionProperties) = preSolution
		HideSolutionNode = FALSE
	EndGlobalSection
EndGlobal
